
Microsoft Visual Studio Solution File, Format Version 12.00
# Visual Studio Version 17
VisualStudioVersion = 17.7.34018.315
MinimumVisualStudioVersion = 10.0.40219.1
Project("{FAE04EC0-301F-11D3-BF4B-00C04F79EFBC}") = "ConsoleApp17 Exercise", "ConsoleApp17 Exercise\ConsoleApp17 Exercise.csproj", "{106ECAF7-F94C-418F-BAD0-7114B5CB0434}"
EndProject
Global
	GlobalSection(SolutionConfigurationPlatforms) = preSolution
		Debug|Any CPU = Debug|Any CPU
		Release|Any CPU = Release|Any CPU
	EndGlobalSection
	GlobalSection(ProjectConfigurationPlatforms) = postSolution
		{106ECAF7-F94C-418F-BAD0-7114B5CB0434}.Debug|Any CPU.ActiveCfg = Debug|Any CPU
		{106ECAF7-F94C-418F-BAD0-7114B5CB0434}.Debug|Any CPU.Build.0 = Debug|Any CPU
		{106ECAF7-F94C-418F-BAD0-7114B5CB0434}.Release|Any CPU.ActiveCfg = Release|Any CPU
		{106ECAF7-F94C-418F-BAD0-7114B5CB0434}.Release|Any CPU.Build.0 = Release|Any CPU
	EndGlobalSection
	GlobalSection(SolutionProperties) = preSolution
		HideSolutionNode = FALSE
	EndGlobalSection
	GlobalSection(ExtensibilityGlobals) = postSolution
		SolutionGuid = {3B71DFDE-03CA-4FC6-BE90-9A82F1D5C3E5}
	EndGlobalSection
EndGlobal
